
Microsoft Visual Studio Solution File, Format Version 12.00
# Visual Studio Version 17
VisualStudioVersion = 17.9.34723.18
MinimumVisualStudioVersion = 10.0.40219.1
Project("{FAE04EC0-301F-11D3-BF4B-00C04F79EFBC}") = "project_9,16", "project_9,16\project_9,16.csproj", "{119519CA-58C7-4C9E-8436-47AC00CB8751}"
EndProject
Global
	GlobalSection(SolutionConfigurationPlatforms) = preSolution
		Debug|Any CPU = Debug|Any CPU
		Release|Any CPU = Release|Any CPU
	EndGlobalSection
	GlobalSection(ProjectConfigurationPlatforms) = postSolution
		{119519CA-58C7-4C9E-8436-47AC00CB8751}.Debug|Any CPU.ActiveCfg = Debug|Any CPU
		{119519CA-58C7-4C9E-8436-47AC00CB8751}.Debug|Any CPU.Build.0 = Debug|Any CPU
		{119519CA-58C7-4C9E-8436-47AC00CB8751}.Release|Any CPU.ActiveCfg = Release|Any CPU
		{119519CA-58C7-4C9E-8436-47AC00CB8751}.Release|Any CPU.Build.0 = Release|Any CPU
	EndGlobalSection
	GlobalSection(SolutionProperties) = preSolution
		HideSolutionNode = FALSE
	EndGlobalSection
	GlobalSection(ExtensibilityGlobals) = postSolution
		SolutionGuid = {FCCB88E6-25CE-458A-815F-85875F0F2AB7}
	EndGlobalSection
EndGlobal
